<?xml version="1.0" encoding="utf-8"?>
<Project ToolsVersion="4.0" xmlns="http://schemas.microsoft.com/developer/msbuild/2003">
  <ItemGroup>
    <Filter Include="Source Files">
      <UniqueIdentifier>{4FC737F1-C7A5-4376-A066-2A32D752A2FF}</UniqueIdentifier>
      <Extensions>cpp;c;cc;cxx;def;odl;idl;hpj;bat;asm;asmx</Extensions>
    </Filter>
    <Filter Include="Header Files">
      <UniqueIdentifier>{93995380-89BD-4b04-88EB-625FBE52EBFB}</UniqueIdentifier>
      <Extensions>h;hh;hpp;hxx;hm;inl;inc;xsd</Extensions>
    </Filter>
    <Filter Include="Resource Files">
      <UniqueIdentifier>{67DA6AB6-F800-4c08-8B7A-83BB121AAD01}</UniqueIdentifier>
      <Extensions>rc;ico;cur;bmp;dlg;rc2;rct;bin;rgs;gif;jpg;jpeg;jpe;resx;tiff;tif;png;wav;mfcribbon-ms</Extensions>
    </Filter>
    <Filter Include="Form">
      <UniqueIdentifier>{36758c39-969f-437d-96e3-f7336eb10c33}</UniqueIdentifier>
    </Filter>
    <Filter Include="gco">
      <UniqueIdentifier>{fa80ed55-d415-48f5-860b-307935d8c138}</UniqueIdentifier>
    </Filter>
    <Filter Include="Generated Files">
      <UniqueIdentifier>{c893f0f6-804a-4a38-b202-48d96cf05b60}</UniqueIdentifier>
    </Filter>
  </ItemGroup>
  <ItemGroup>
    <ClCompile Include="source\imageviewer.cpp">
      <Filter>Source Files</Filter>
    </ClCompile>
    <ClCompile Include="source\main.cpp">
      <Filter>Source Files</Filter>
    </ClCompile>
    <ClCompile Include="source\Para.cpp">
      <Filter>Source Files</Filter>
    </ClCompile>
    <ClCompile Include="source\Synthesizer.cpp">
      <Filter>Source Files</Filter>
    </ClCompile>
    <ClCompile Include="source\gco\GCoptimization.cpp">
      <Filter>gco</Filter>
    </ClCompile>
    <ClCompile Include="source\gco\graph.cpp">
      <Filter>gco</Filter>
    </ClCompile>
    <ClCompile Include="source\gco\LinkedBlockList.cpp">
      <Filter>gco</Filter>
    </ClCompile>
    <ClCompile Include="source\gco\maxflow.cpp">
      <Filter>gco</Filter>
    </ClCompile>
    <ClCompile Include="GeneratedFiles\qrc_imageviewer.cpp">
      <Filter>Generated Files</Filter>
    </ClCompile>
    <ClCompile Include="GeneratedFiles\moc_imageviewer.cpp">
      <Filter>Generated Files</Filter>
    </ClCompile>
  </ItemGroup>
  <ItemGroup>
    <ClInclude Include="source\Para.h">
      <Filter>Header Files</Filter>
    </ClInclude>
    <ClInclude Include="source\Synthesizer.h">
      <Filter>Header Files</Filter>
    </ClInclude>
    <ClInclude Include="source\gco\block.h">
      <Filter>gco</Filter>
    </ClInclude>
    <ClInclude Include="source\gco\energy.h">
      <Filter>gco</Filter>
    </ClInclude>
    <ClInclude Include="source\gco\GCoptimization.h">
      <Filter>gco</Filter>
    </ClInclude>
    <ClInclude Include="source\gco\graph.h">
      <Filter>gco</Filter>
    </ClInclude>
    <ClInclude Include="source\gco\LinkedBlockList.h">
      <Filter>gco</Filter>
    </ClInclude>
    <ClInclude Include="GeneratedFiles\ui_imageviewer.h">
      <Filter>Generated Files</Filter>
    </ClInclude>
  </ItemGroup>
  <ItemGroup>
    <CustomBuild Include="source\imageviewer.h">
      <Filter>Header Files</Filter>
    </CustomBuild>
    <CustomBuild Include="source\imageviewer.ui">
      <Filter>Form</Filter>
    </CustomBuild>
    <CustomBuild Include="source\imageviewer.qrc" />
  </ItemGroup>
</Project>